
Microsoft Visual Studio Solution File, Format Version 12.00
# Visual Studio 14
VisualStudioVersion = 14.0.23107.0
MinimumVisualStudioVersion = 10.0.40219.1
Project("{FAE04EC0-301F-11D3-BF4B-00C04F79EFBC}") = "EnigmaServer", "EnigmaServer\EnigmaServer.csproj", "{3DAC5878-8BA6-4EB9-8979-9685A7093E1D}"
EndProject
Project("{FAE04EC0-301F-11D3-BF4B-00C04F79EFBC}") = "EnigmaClient", "EnigmaClient\EnigmaClient.csproj", "{B015CC7A-340C-4C79-A31A-391868034B02}"
EndProject
Project("{FAE04EC0-301F-11D3-BF4B-00C04F79EFBC}") = "EnigmaLibrary", "EnigmaLibrary\EnigmaLibrary.csproj", "{28E5D62E-7941-4B3D-8D6E-9153E1799F59}"
EndProject
Global
	GlobalSection(SolutionConfigurationPlatforms) = preSolution
		Debug|Any CPU = Debug|Any CPU
		Release|Any CPU = Release|Any CPU
	EndGlobalSection
	GlobalSection(ProjectConfigurationPlatforms) = postSolution
		{3DAC5878-8BA6-4EB9-8979-9685A7093E1D}.Debug|Any CPU.ActiveCfg = Debug|Any CPU
		{3DAC5878-8BA6-4EB9-8979-9685A7093E1D}.Debug|Any CPU.Build.0 = Debug|Any CPU
		{3DAC5878-8BA6-4EB9-8979-9685A7093E1D}.Release|Any CPU.ActiveCfg = Release|Any CPU
		{3DAC5878-8BA6-4EB9-8979-9685A7093E1D}.Release|Any CPU.Build.0 = Release|Any CPU
		{B015CC7A-340C-4C79-A31A-391868034B02}.Debug|Any CPU.ActiveCfg = Debug|Any CPU
		{B015CC7A-340C-4C79-A31A-391868034B02}.Debug|Any CPU.Build.0 = Debug|Any CPU
		{B015CC7A-340C-4C79-A31A-391868034B02}.Release|Any CPU.ActiveCfg = Release|Any CPU
		{B015CC7A-340C-4C79-A31A-391868034B02}.Release|Any CPU.Build.0 = Release|Any CPU
		{28E5D62E-7941-4B3D-8D6E-9153E1799F59}.Debug|Any CPU.ActiveCfg = Debug|Any CPU
		{28E5D62E-7941-4B3D-8D6E-9153E1799F59}.Debug|Any CPU.Build.0 = Debug|Any CPU
		{28E5D62E-7941-4B3D-8D6E-9153E1799F59}.Release|Any CPU.ActiveCfg = Release|Any CPU
		{28E5D62E-7941-4B3D-8D6E-9153E1799F59}.Release|Any CPU.Build.0 = Release|Any CPU
	EndGlobalSection
	GlobalSection(SolutionProperties) = preSolution
		HideSolutionNode = FALSE
	EndGlobalSection
EndGlobal
